
Microsoft Visual Studio Solution File, Format Version 12.00
# Visual Studio Version 16
VisualStudioVersion = 16.0.31605.320
MinimumVisualStudioVersion = 10.0.40219.1
Project("{9A19103F-16F7-4668-BE54-9A1E7A4F7556}") = "CV-Manager", "CV-Manager\CV-Manager.csproj", "{ADE0596E-BE82-4AE3-92C5-F0389C11FB86}"
EndProject
Project("{FAE04EC0-301F-11D3-BF4B-00C04F79EFBC}") = "DataAccess", "DataAccess\DataAccess.csproj", "{E17A2939-3613-4BB4-86E9-DF585DF7AF17}"
EndProject
Project("{FAE04EC0-301F-11D3-BF4B-00C04F79EFBC}") = "Domain", "Domain\Domain.csproj", "{4CD158B4-9E6F-43DF-9FE7-F04CD0793972}"
EndProject
Global
	GlobalSection(SolutionConfigurationPlatforms) = preSolution
		Debug|Any CPU = Debug|Any CPU
		Release|Any CPU = Release|Any CPU
	EndGlobalSection
	GlobalSection(ProjectConfigurationPlatforms) = postSolution
		{ADE0596E-BE82-4AE3-92C5-F0389C11FB86}.Debug|Any CPU.ActiveCfg = Debug|Any CPU
		{ADE0596E-BE82-4AE3-92C5-F0389C11FB86}.Debug|Any CPU.Build.0 = Debug|Any CPU
		{ADE0596E-BE82-4AE3-92C5-F0389C11FB86}.Release|Any CPU.ActiveCfg = Release|Any CPU
		{ADE0596E-BE82-4AE3-92C5-F0389C11FB86}.Release|Any CPU.Build.0 = Release|Any CPU
		{E17A2939-3613-4BB4-86E9-DF585DF7AF17}.Debug|Any CPU.ActiveCfg = Debug|Any CPU
		{E17A2939-3613-4BB4-86E9-DF585DF7AF17}.Debug|Any CPU.Build.0 = Debug|Any CPU
		{E17A2939-3613-4BB4-86E9-DF585DF7AF17}.Release|Any CPU.ActiveCfg = Release|Any CPU
		{E17A2939-3613-4BB4-86E9-DF585DF7AF17}.Release|Any CPU.Build.0 = Release|Any CPU
		{4CD158B4-9E6F-43DF-9FE7-F04CD0793972}.Debug|Any CPU.ActiveCfg = Debug|Any CPU
		{4CD158B4-9E6F-43DF-9FE7-F04CD0793972}.Debug|Any CPU.Build.0 = Debug|Any CPU
		{4CD158B4-9E6F-43DF-9FE7-F04CD0793972}.Release|Any CPU.ActiveCfg = Release|Any CPU
		{4CD158B4-9E6F-43DF-9FE7-F04CD0793972}.Release|Any CPU.Build.0 = Release|Any CPU
	EndGlobalSection
	GlobalSection(SolutionProperties) = preSolution
		HideSolutionNode = FALSE
	EndGlobalSection
	GlobalSection(ExtensibilityGlobals) = postSolution
		SolutionGuid = {1AF1E4B8-C5C0-41F4-9FAD-26477C0ED5A0}
	EndGlobalSection
EndGlobal
